
Microsoft Visual Studio Solution File, Format Version 12.00
# Visual Studio Version 16
VisualStudioVersion = 16.0.31729.503
MinimumVisualStudioVersion = 10.0.40219.1
Project("{FAE04EC0-301F-11D3-BF4B-00C04F79EFBC}") = "Lab_13 Inheritance", "Lab_13 Inheritance.csproj", "{3ABA414E-5FFB-40B7-8A1B-C3D9143D222C}"
EndProject
Global
	GlobalSection(SolutionConfigurationPlatforms) = preSolution
		Debug|Any CPU = Debug|Any CPU
		Release|Any CPU = Release|Any CPU
	EndGlobalSection
	GlobalSection(ProjectConfigurationPlatforms) = postSolution
		{3ABA414E-5FFB-40B7-8A1B-C3D9143D222C}.Debug|Any CPU.ActiveCfg = Debug|Any CPU
		{3ABA414E-5FFB-40B7-8A1B-C3D9143D222C}.Debug|Any CPU.Build.0 = Debug|Any CPU
		{3ABA414E-5FFB-40B7-8A1B-C3D9143D222C}.Release|Any CPU.ActiveCfg = Release|Any CPU
		{3ABA414E-5FFB-40B7-8A1B-C3D9143D222C}.Release|Any CPU.Build.0 = Release|Any CPU
	EndGlobalSection
	GlobalSection(SolutionProperties) = preSolution
		HideSolutionNode = FALSE
	EndGlobalSection
	GlobalSection(ExtensibilityGlobals) = postSolution
		SolutionGuid = {62BA1420-C63E-4FE9-A27A-9A9A57EA72EE}
	EndGlobalSection
EndGlobal
